schema: '2.0'
stages:
  stage1:
    cmd: python model_training.py
    deps:
    - path: model_training.py
      md5: 72ce007d0df75ac11072ca27e3c07b33
      size: 745
    outs:
    - path: anomaly_model.pkl
      md5: 200d6d7e12bccb9fc957d325d2b72723
      size: 385521
  stage2:
    cmd: python prediction.py
    deps:
    - path: anomaly_model.pkl
      md5: 200d6d7e12bccb9fc957d325d2b72723
      size: 385521
    - path: prediction.py
      md5: 3ff55ad0a16cb163a1d49880ed7b5a63
      size: 426
    outs:
    - path: Anomalies_detected.csv
      md5: 561f6fee3af823ebb794c6bf9cf85912
      size: 70896
  train:
    cmd: python model_training.py
    deps:
    - path: model_training.py
      md5: d256c7b24bb83c205ac7bf9578c6d5dd
      size: 744
    outs:
    - path: anomaly_model.pkl
      md5: 2b3ad464e5dbb484a6560f0e6194f8ac
      size: 49672
  prediction:
    cmd: python prediction.py
    deps:
    - path: anomaly_model.pkl
      md5: 2b3ad464e5dbb484a6560f0e6194f8ac
      size: 49672
    - path: prediction.py
      md5: 3ff55ad0a16cb163a1d49880ed7b5a63
      size: 426
    outs:
    - path: Anomalies_detected.csv
      md5: 6145689d40551275e0b8bf62706e635f
      size: 71995
